
Microsoft Visual Studio Solution File, Format Version 12.00
# Visual Studio 2013
VisualStudioVersion = 12.0.21005.1
MinimumVisualStudioVersion = 10.0.40219.1
Project("{F184B08F-C81C-45F6-A57F-5ABD9991F28F}") = "COMPARE", "COMPARE\COMPARE.vbproj", "{7277A022-1F57-4F62-BF07-D076C7376BD7}"
EndProject
Project("{2150E333-8FDC-42A3-9474-1A3956D46DE8}") = "PROJECT", "PROJECT", "{A02D4795-7ED0-4646-BA76-7A5131D39483}"
EndProject
Project("{2150E333-8FDC-42A3-9474-1A3956D46DE8}") = "LIBRARY", "LIBRARY", "{8A686D52-0BC1-4A0B-9A52-8233FD5CF143}"
EndProject
Project("{F184B08F-C81C-45F6-A57F-5ABD9991F28F}") = "GENERAL LIBRARY", "GENERAL LIBRARY\GENERAL LIBRARY.vbproj", "{3A34D5CA-D12A-495B-AD3C-5BBA6D63ECCD}"
EndProject
Project("{F184B08F-C81C-45F6-A57F-5ABD9991F28F}") = "BATCHING", "BATCHING\BATCHING.vbproj", "{02EC4752-FCD4-4D68-9181-A9F4B7907A45}"
EndProject
Project("{F184B08F-C81C-45F6-A57F-5ABD9991F28F}") = "ENTRY", "ENTRY\ENTRY.vbproj", "{7C731876-0444-4C1D-A21C-3EBA5AC2171F}"
EndProject
Project("{F184B08F-C81C-45F6-A57F-5ABD9991F28F}") = "KS", "KS\KS.vbproj", "{F8D1DFBF-F4CC-4EE1-B38B-2E2B91BB67EF}"
EndProject
Project("{F184B08F-C81C-45F6-A57F-5ABD9991F28F}") = "REFORMAT", "REFORMAT\REFORMAT\REFORMAT.vbproj", "{DB1C228C-4549-465D-809E-BEC5B5AD128B}"
EndProject
Project("{F184B08F-C81C-45F6-A57F-5ABD9991F28F}") = "VALIDATION", "VALIDATION\VALIDATION.vbproj", "{E9A2E125-1C99-4983-B1B8-E5C5D8E4C70F}"
EndProject
Global
	GlobalSection(SolutionConfigurationPlatforms) = preSolution
		Debug|Any CPU = Debug|Any CPU
		Release|Any CPU = Release|Any CPU
	EndGlobalSection
	GlobalSection(ProjectConfigurationPlatforms) = postSolution
		{7277A022-1F57-4F62-BF07-D076C7376BD7}.Debug|Any CPU.ActiveCfg = Debug|Any CPU
		{7277A022-1F57-4F62-BF07-D076C7376BD7}.Debug|Any CPU.Build.0 = Debug|Any CPU
		{7277A022-1F57-4F62-BF07-D076C7376BD7}.Release|Any CPU.ActiveCfg = Release|Any CPU
		{7277A022-1F57-4F62-BF07-D076C7376BD7}.Release|Any CPU.Build.0 = Release|Any CPU
		{3A34D5CA-D12A-495B-AD3C-5BBA6D63ECCD}.Debug|Any CPU.ActiveCfg = Debug|Any CPU
		{3A34D5CA-D12A-495B-AD3C-5BBA6D63ECCD}.Debug|Any CPU.Build.0 = Debug|Any CPU
		{3A34D5CA-D12A-495B-AD3C-5BBA6D63ECCD}.Release|Any CPU.ActiveCfg = Release|Any CPU
		{3A34D5CA-D12A-495B-AD3C-5BBA6D63ECCD}.Release|Any CPU.Build.0 = Release|Any CPU
		{02EC4752-FCD4-4D68-9181-A9F4B7907A45}.Debug|Any CPU.ActiveCfg = Debug|Any CPU
		{02EC4752-FCD4-4D68-9181-A9F4B7907A45}.Debug|Any CPU.Build.0 = Debug|Any CPU
		{02EC4752-FCD4-4D68-9181-A9F4B7907A45}.Release|Any CPU.ActiveCfg = Release|Any CPU
		{02EC4752-FCD4-4D68-9181-A9F4B7907A45}.Release|Any CPU.Build.0 = Release|Any CPU
		{7C731876-0444-4C1D-A21C-3EBA5AC2171F}.Debug|Any CPU.ActiveCfg = Debug|Any CPU
		{7C731876-0444-4C1D-A21C-3EBA5AC2171F}.Debug|Any CPU.Build.0 = Debug|Any CPU
		{7C731876-0444-4C1D-A21C-3EBA5AC2171F}.Release|Any CPU.ActiveCfg = Release|Any CPU
		{7C731876-0444-4C1D-A21C-3EBA5AC2171F}.Release|Any CPU.Build.0 = Release|Any CPU
		{F8D1DFBF-F4CC-4EE1-B38B-2E2B91BB67EF}.Debug|Any CPU.ActiveCfg = Debug|Any CPU
		{F8D1DFBF-F4CC-4EE1-B38B-2E2B91BB67EF}.Debug|Any CPU.Build.0 = Debug|Any CPU
		{F8D1DFBF-F4CC-4EE1-B38B-2E2B91BB67EF}.Release|Any CPU.ActiveCfg = Release|Any CPU
		{F8D1DFBF-F4CC-4EE1-B38B-2E2B91BB67EF}.Release|Any CPU.Build.0 = Release|Any CPU
		{DB1C228C-4549-465D-809E-BEC5B5AD128B}.Debug|Any CPU.ActiveCfg = Debug|Any CPU
		{DB1C228C-4549-465D-809E-BEC5B5AD128B}.Debug|Any CPU.Build.0 = Debug|Any CPU
		{DB1C228C-4549-465D-809E-BEC5B5AD128B}.Release|Any CPU.ActiveCfg = Release|Any CPU
		{DB1C228C-4549-465D-809E-BEC5B5AD128B}.Release|Any CPU.Build.0 = Release|Any CPU
		{E9A2E125-1C99-4983-B1B8-E5C5D8E4C70F}.Debug|Any CPU.ActiveCfg = Debug|Any CPU
		{E9A2E125-1C99-4983-B1B8-E5C5D8E4C70F}.Debug|Any CPU.Build.0 = Debug|Any CPU
		{E9A2E125-1C99-4983-B1B8-E5C5D8E4C70F}.Release|Any CPU.ActiveCfg = Release|Any CPU
		{E9A2E125-1C99-4983-B1B8-E5C5D8E4C70F}.Release|Any CPU.Build.0 = Release|Any CPU
	EndGlobalSection
	GlobalSection(SolutionProperties) = preSolution
		HideSolutionNode = FALSE
	EndGlobalSection
	GlobalSection(NestedProjects) = preSolution
		{7277A022-1F57-4F62-BF07-D076C7376BD7} = {A02D4795-7ED0-4646-BA76-7A5131D39483}
		{02EC4752-FCD4-4D68-9181-A9F4B7907A45} = {A02D4795-7ED0-4646-BA76-7A5131D39483}
		{7C731876-0444-4C1D-A21C-3EBA5AC2171F} = {A02D4795-7ED0-4646-BA76-7A5131D39483}
		{F8D1DFBF-F4CC-4EE1-B38B-2E2B91BB67EF} = {A02D4795-7ED0-4646-BA76-7A5131D39483}
		{DB1C228C-4549-465D-809E-BEC5B5AD128B} = {A02D4795-7ED0-4646-BA76-7A5131D39483}
		{E9A2E125-1C99-4983-B1B8-E5C5D8E4C70F} = {A02D4795-7ED0-4646-BA76-7A5131D39483}
		{3A34D5CA-D12A-495B-AD3C-5BBA6D63ECCD} = {8A686D52-0BC1-4A0B-9A52-8233FD5CF143}
	EndGlobalSection
EndGlobal
